
Microsoft Visual Studio Solution File, Format Version 12.00
# Visual Studio 14
VisualStudioVersion = 14.0.23107.0
MinimumVisualStudioVersion = 10.0.40219.1
Project("{FAE04EC0-301F-11D3-BF4B-00C04F79EFBC}") = "Parte Logica", "Parte Logica\Parte Logica.csproj", "{D2DB01A8-DA19-4E5B-8912-E019840CBEB4}"
EndProject
Project("{FAE04EC0-301F-11D3-BF4B-00C04F79EFBC}") = "Parte Visual", "Parte Visual\Parte Visual.csproj", "{4A196631-9F81-440A-B75C-77E6E995682F}"
EndProject
Global
	GlobalSection(SolutionConfigurationPlatforms) = preSolution
		Debug|Any CPU = Debug|Any CPU
		Release|Any CPU = Release|Any CPU
	EndGlobalSection
	GlobalSection(ProjectConfigurationPlatforms) = postSolution
		{D2DB01A8-DA19-4E5B-8912-E019840CBEB4}.Debug|Any CPU.ActiveCfg = Debug|Any CPU
		{D2DB01A8-DA19-4E5B-8912-E019840CBEB4}.Debug|Any CPU.Build.0 = Debug|Any CPU
		{D2DB01A8-DA19-4E5B-8912-E019840CBEB4}.Release|Any CPU.ActiveCfg = Release|Any CPU
		{D2DB01A8-DA19-4E5B-8912-E019840CBEB4}.Release|Any CPU.Build.0 = Release|Any CPU
		{4A196631-9F81-440A-B75C-77E6E995682F}.Debug|Any CPU.ActiveCfg = Debug|Any CPU
		{4A196631-9F81-440A-B75C-77E6E995682F}.Debug|Any CPU.Build.0 = Debug|Any CPU
		{4A196631-9F81-440A-B75C-77E6E995682F}.Release|Any CPU.ActiveCfg = Release|Any CPU
		{4A196631-9F81-440A-B75C-77E6E995682F}.Release|Any CPU.Build.0 = Release|Any CPU
	EndGlobalSection
	GlobalSection(SolutionProperties) = preSolution
		HideSolutionNode = FALSE
	EndGlobalSection
EndGlobal
